// !$*UTF8*$!
{
	archiveVersion = 1;
	classes = {
	};
	objectVersion = 56;
	objects = {

/* Begin PBXBuildFile section */
		41B477FD2C1DF0EB00732FBD /* BookModel.swift in Sources */ = {isa = PBXBuildFile; fileRef = 41B477FC2C1DF0EB00732FBD /* BookModel.swift */; };
		41B477FF2C1F0A1500732FBD /* BooksViewModel.swift in Sources */ = {isa = PBXBuildFile; fileRef = 41B477FE2C1F0A1500732FBD /* BooksViewModel.swift */; };
		41B478012C1F18B200732FBD /* SearchBookView.swift in Sources */ = {isa = PBXBuildFile; fileRef = 41B478002C1F18B200732FBD /* SearchBookView.swift */; };
		41D90A242BF6727D00C35869 /* MyBooksApp.swift in Sources */ = {isa = PBXBuildFile; fileRef = 41D90A232BF6727D00C35869 /* MyBooksApp.swift */; };
		41D90A262BF6727D00C35869 /* ContentView.swift in Sources */ = {isa = PBXBuildFile; fileRef = 41D90A252BF6727D00C35869 /* ContentView.swift */; };
		41D90A282BF6727E00C35869 /* Assets.xcassets in Resources */ = {isa = PBXBuildFile; fileRef = 41D90A272BF6727E00C35869 /* Assets.xcassets */; };
		41D90A2B2BF6727E00C35869 /* Preview Assets.xcassets in Resources */ = {isa = PBXBuildFile; fileRef = 41D90A2A2BF6727E00C35869 /* Preview Assets.xcassets */; };
		41D90A2D2BF6727E00C35869 /* Persistence.swift in Sources */ = {isa = PBXBuildFile; fileRef = 41D90A2C2BF6727E00C35869 /* Persistence.swift */; };
		41D90A302BF6727E00C35869 /* MyBooks.xcdatamodeld in Sources */ = {isa = PBXBuildFile; fileRef = 41D90A2E2BF6727E00C35869 /* MyBooks.xcdatamodeld */; };
		41D90A3C2BF6737F00C35869 /* MainView.swift in Sources */ = {isa = PBXBuildFile; fileRef = 41D90A3B2BF6737F00C35869 /* MainView.swift */; };
/* End PBXBuildFile section */

/* Begin PBXFileReference section */
		41B477FC2C1DF0EB00732FBD /* BookModel.swift */ = {isa = PBXFileReference; lastKnownFileType = sourcecode.swift; path = BookModel.swift; sourceTree = "<group>"; };
		41B477FE2C1F0A1500732FBD /* BooksViewModel.swift */ = {isa = PBXFileReference; lastKnownFileType = sourcecode.swift; path = BooksViewModel.swift; sourceTree = "<group>"; };
		41B478002C1F18B200732FBD /* SearchBookView.swift */ = {isa = PBXFileReference; lastKnownFileType = sourcecode.swift; path = SearchBookView.swift; sourceTree = "<group>"; };
		41D90A202BF6727D00C35869 /* MyBooks.app */ = {isa = PBXFileReference; explicitFileType = wrapper.application; includeInIndex = 0; path = MyBooks.app; sourceTree = BUILT_PRODUCTS_DIR; };
		41D90A232BF6727D00C35869 /* MyBooksApp.swift */ = {isa = PBXFileReference; lastKnownFileType = sourcecode.swift; path = MyBooksApp.swift; sourceTree = "<group>"; };
		41D90A252BF6727D00C35869 /* ContentView.swift */ = {isa = PBXFileReference; lastKnownFileType = sourcecode.swift; path = ContentView.swift; sourceTree = "<group>"; };
		41D90A272BF6727E00C35869 /* Assets.xcassets */ = {isa = PBXFileReference; lastKnownFileType = folder.assetcatalog; path = Assets.xcassets; sourceTree = "<group>"; };
		41D90A2A2BF6727E00C35869 /* Preview Assets.xcassets */ = {isa = PBXFileReference; lastKnownFileType = folder.assetcatalog; path = "Preview Assets.xcassets"; sourceTree = "<group>"; };
		41D90A2C2BF6727E00C35869 /* Persistence.swift */ = {isa = PBXFileReference; lastKnownFileType = sourcecode.swift; path = Persistence.swift; sourceTree = "<group>"; };
		41D90A2F2BF6727E00C35869 /* MyBooks.xcdatamodel */ = {isa = PBXFileReference; lastKnownFileType = wrapper.xcdatamodel; path = MyBooks.xcdatamodel; sourceTree = "<group>"; };
		41D90A3B2BF6737F00C35869 /* MainView.swift */ = {isa = PBXFileReference; lastKnownFileType = sourcecode.swift; path = MainView.swift; sourceTree = "<group>"; };
/* End PBXFileReference section */

/* Begin PBXFrameworksBuildPhase section */
		41D90A1D2BF6727D00C35869 /* Frameworks */ = {
			isa = PBXFrameworksBuildPhase;
			buildActionMask = 2147483647;
			files = (
			);
			runOnlyForDeploymentPostprocessing = 0;
		};
/* End PBXFrameworksBuildPhase section */

/* Begin PBXGroup section */
		41D90A172BF6727D00C35869 = {
			isa = PBXGroup;
			children = (
				41D90A222BF6727D00C35869 /* MyBooks */,
				41D90A212BF6727D00C35869 /* Products */,
			);
			sourceTree = "<group>";
		};
		41D90A212BF6727D00C35869 /* Products */ = {
			isa = PBXGroup;
			children = (
				41D90A202BF6727D00C35869 /* MyBooks.app */,
			);
			name = Products;
			sourceTree = "<group>";
		};
		41D90A222BF6727D00C35869 /* MyBooks */ = {
			isa = PBXGroup;
			children = (
				41D90A232BF6727D00C35869 /* MyBooksApp.swift */,
				41D90A362BF672AB00C35869 /* Model */,
				41D90A372BF672B300C35869 /* ViewModel */,
				41D90A382BF672BA00C35869 /* Views */,
				41D90A2C2BF6727E00C35869 /* Persistence.swift */,
				41D90A2E2BF6727E00C35869 /* MyBooks.xcdatamodeld */,
				41D90A272BF6727E00C35869 /* Assets.xcassets */,
				41D90A292BF6727E00C35869 /* Preview Content */,
			);
			path = MyBooks;
			sourceTree = "<group>";
		};
		41D90A292BF6727E00C35869 /* Preview Content */ = {
			isa = PBXGroup;
			children = (
				41D90A2A2BF6727E00C35869 /* Preview Assets.xcassets */,
			);
			path = "Preview Content";
			sourceTree = "<group>";
		};
		41D90A362BF672AB00C35869 /* Model */ = {
			isa = PBXGroup;
			children = (
				41B477FC2C1DF0EB00732FBD /* BookModel.swift */,
			);
			path = Model;
			sourceTree = "<group>";
		};
		41D90A372BF672B300C35869 /* ViewModel */ = {
			isa = PBXGroup;
			children = (
				41B477FE2C1F0A1500732FBD /* BooksViewModel.swift */,
			);
			path = ViewModel;
			sourceTree = "<group>";
		};
		41D90A382BF672BA00C35869 /* Views */ = {
			isa = PBXGroup;
			children = (
				41D90A252BF6727D00C35869 /* ContentView.swift */,
				41D90A3B2BF6737F00C35869 /* MainView.swift */,
				41B478002C1F18B200732FBD /* SearchBookView.swift */,
			);
			path = Views;
			sourceTree = "<group>";
		};
/* End PBXGroup section */

/* Begin PBXNativeTarget section */
		41D90A1F2BF6727D00C35869 /* MyBooks */ = {
			isa = PBXNativeTarget;
			buildConfigurationList = 41D90A332BF6727E00C35869 /* Build configuration list for PBXNativeTarget "MyBooks" */;
			buildPhases = (
				41D90A1C2BF6727D00C35869 /* Sources */,
				41D90A1D2BF6727D00C35869 /* Frameworks */,
				41D90A1E2BF6727D00C35869 /* Resources */,
			);
			buildRules = (
			);
			dependencies = (
			);
			name = MyBooks;
			productName = MyBooks;
			productReference = 41D90A202BF6727D00C35869 /* MyBooks.app */;
			productType = "com.apple.product-type.application";
		};
/* End PBXNativeTarget section */

/* Begin PBXProject section */
		41D90A182BF6727D00C35869 /* Project object */ = {
			isa = PBXProject;
			attributes = {
				BuildIndependentTargetsInParallel = 1;
				LastSwiftUpdateCheck = 1530;
				LastUpgradeCheck = 1530;
				TargetAttributes = {
					41D90A1F2BF6727D00C35869 = {
						CreatedOnToolsVersion = 15.3;
					};
				};
			};
			buildConfigurationList = 41D90A1B2BF6727D00C35869 /* Build configuration list for PBXProject "MyBooks" */;
			compatibilityVersion = "Xcode 14.0";
			developmentRegion = en;
			hasScannedForEncodings = 0;
			knownRegions = (
				en,
				Base,
			);
			mainGroup = 41D90A172BF6727D00C35869;
			productRefGroup = 41D90A212BF6727D00C35869 /* Products */;
			projectDirPath = "";
			projectRoot = "";
			targets = (
				41D90A1F2BF6727D00C35869 /* MyBooks */,
			);
		};
/* End PBXProject section */

/* Begin PBXResourcesBuildPhase section */
		41D90A1E2BF6727D00C35869 /* Resources */ = {
			isa = PBXResourcesBuildPhase;
			buildActionMask = 2147483647;
			files = (
				41D90A2B2BF6727E00C35869 /* Preview Assets.xcassets in Resources */,
				41D90A282BF6727E00C35869 /* Assets.xcassets in Resources */,
			);
			runOnlyForDeploymentPostprocessing = 0;
		};
/* End PBXResourcesBuildPhase section */

/* Begin PBXSourcesBuildPhase section */
		41D90A1C2BF6727D00C35869 /* Sources */ = {
			isa = PBXSourcesBuildPhase;
			buildActionMask = 2147483647;
			files = (
				41B477FD2C1DF0EB00732FBD /* BookModel.swift in Sources */,
				41D90A302BF6727E00C35869 /* MyBooks.xcdatamodeld in Sources */,
				41D90A2D2BF6727E00C35869 /* Persistence.swift in Sources */,
				41B478012C1F18B200732FBD /* SearchBookView.swift in Sources */,
				41B477FF2C1F0A1500732FBD /* BooksViewModel.swift in Sources */,
				41D90A262BF6727D00C35869 /* ContentView.swift in Sources */,
				41D90A3C2BF6737F00C35869 /* MainView.swift in Sources */,
				41D90A242BF6727D00C35869 /* MyBooksApp.swift in Sources */,
			);
			runOnlyForDeploymentPostprocessing = 0;
		};
/* End PBXSourcesBuildPhase section */

/* Begin XCBuildConfiguration section */
		41D90A312BF6727E00C35869 /* Debug */ = {
			isa = XCBuildConfiguration;
			buildSettings = {
				ALWAYS_SEARCH_USER_PATHS = NO;
				ASSETCATALOG_COMPILER_GENERATE_SWIFT_ASSET_SYMBOL_EXTENSIONS = YES;
				CLANG_ANALYZER_NONNULL = YES;
				CLANG_ANALYZER_NUMBER_OBJECT_CONVERSION = YES_AGGRESSIVE;
				CLANG_CXX_LANGUAGE_STANDARD = "gnu++20";
				CLANG_ENABLE_MODULES = YES;
				CLANG_ENABLE_OBJC_ARC = YES;
				CLANG_ENABLE_OBJC_WEAK = YES;
				CLANG_WARN_BLOCK_CAPTURE_AUTORELEASING = YES;
				CLANG_WARN_BOOL_CONVERSION = YES;
				CLANG_WARN_COMMA = YES;
				CLANG_WARN_CONSTANT_CONVERSION = YES;
				CLANG_WARN_DEPRECATED_OBJC_IMPLEMENTATIONS = YES;
				CLANG_WARN_DIRECT_OBJC_ISA_USAGE = YES_ERROR;
				CLANG_WARN_DOCUMENTATION_COMMENTS = YES;
				CLANG_WARN_EMPTY_BODY = YES;
				CLANG_WARN_ENUM_CONVERSION = YES;
				CLANG_WARN_INFINITE_RECURSION = YES;
				CLANG_WARN_INT_CONVERSION = YES;
				CLANG_WARN_NON_LITERAL_NULL_CONVERSION = YES;
				CLANG_WARN_OBJC_IMPLICIT_RETAIN_SELF = YES;
				CLANG_WARN_OBJC_LITERAL_CONVERSION = YES;
				CLANG_WARN_OBJC_ROOT_CLASS = YES_ERROR;
				CLANG_WARN_QUOTED_INCLUDE_IN_FRAMEWORK_HEADER = YES;
				CLANG_WARN_RANGE_LOOP_ANALYSIS = YES;
				CLANG_WARN_STRICT_PROTOTYPES = YES;
				CLANG_WARN_SUSPICIOUS_MOVE = YES;
				CLANG_WARN_UNGUARDED_AVAILABILITY = YES_AGGRESSIVE;
				CLANG_WARN_UNREACHABLE_CODE = YES;
				CLANG_WARN__DUPLICATE_METHOD_MATCH = YES;
				COPY_PHASE_STRIP = NO;
				DEBUG_INFORMATION_FORMAT = dwarf;
				ENABLE_STRICT_OBJC_MSGSEND = YES;
				ENABLE_TESTABILITY = YES;
				ENABLE_USER_SCRIPT_SANDBOXING = YES;
				GCC_C_LANGUAGE_STANDARD = gnu17;
				GCC_DYNAMIC_NO_PIC = NO;
				GCC_NO_COMMON_BLOCKS = YES;
				GCC_OPTIMIZATION_LEVEL = 0;
				GCC_PREPROCESSOR_DEFINITIONS = (
					"DEBUG=1",
					"$(inherited)",
				);
				GCC_WARN_64_TO_32_BIT_CONVERSION = YES;
				GCC_WARN_ABOUT_RETURN_TYPE = YES_ERROR;
				GCC_WARN_UNDECLARED_SELECTOR = YES;
				GCC_WARN_UNINITIALIZED_AUTOS = YES_AGGRESSIVE;
				GCC_WARN_UNUSED_FUNCTION = YES;
				GCC_WARN_UNUSED_VARIABLE = YES;
				IPHONEOS_DEPLOYMENT_TARGET = 17.4;
				LOCALIZATION_PREFERS_STRING_CATALOGS = YES;
				MTL_ENABLE_DEBUG_INFO = INCLUDE_SOURCE;
				MTL_FAST_MATH = YES;
				ONLY_ACTIVE_ARCH = YES;
				SDKROOT = iphoneos;
				SWIFT_ACTIVE_COMPILATION_CONDITIONS = "DEBUG $(inherited)";
				SWIFT_OPTIMIZATION_LEVEL = "-Onone";
			};
			name = Debug;
		};
		41D90A322BF6727E00C35869 /* Release */ = {
			isa = XCBuildConfiguration;
			buildSettings = {
				ALWAYS_SEARCH_USER_PATHS = NO;
				ASSETCATALOG_COMPILER_GENERATE_SWIFT_ASSET_SYMBOL_EXTENSIONS = YES;
				CLANG_ANALYZER_NONNULL = YES;
				CLANG_ANALYZER_NUMBER_OBJECT_CONVERSION = YES_AGGRESSIVE;
				CLANG_CXX_LANGUAGE_STANDARD = "gnu++20";
				CLANG_ENABLE_MODULES = YES;
				CLANG_ENABLE_OBJC_ARC = YES;
				CLANG_ENABLE_OBJC_WEAK = YES;
				CLANG_WARN_BLOCK_CAPTURE_AUTORELEASING = YES;
				CLANG_WARN_BOOL_CONVERSION = YES;
				CLANG_WARN_COMMA = YES;
				CLANG_WARN_CONSTANT_CONVERSION = YES;
				CLANG_WARN_DEPRECATED_OBJC_IMPLEMENTATIONS = YES;
				CLANG_WARN_DIRECT_OBJC_ISA_USAGE = YES_ERROR;
				CLANG_WARN_DOCUMENTATION_COMMENTS = YES;
				CLANG_WARN_EMPTY_BODY = YES;
				CLANG_WARN_ENUM_CONVERSION = YES;
				CLANG_WARN_INFINITE_RECURSION = YES;
				CLANG_WARN_INT_CONVERSION = YES;
				CLANG_WARN_NON_LITERAL_NULL_CONVERSION = YES;
				CLANG_WARN_OBJC_IMPLICIT_RETAIN_SELF = YES;
				CLANG_WARN_OBJC_LITERAL_CONVERSION = YES;
				CLANG_WARN_OBJC_ROOT_CLASS = YES_ERROR;
				CLANG_WARN_QUOTED_INCLUDE_IN_FRAMEWORK_HEADER = YES;
				CLANG_WARN_RANGE_LOOP_ANALYSIS = YES;
				CLANG_WARN_STRICT_PROTOTYPES = YES;
				CLANG_WARN_SUSPICIOUS_MOVE = YES;
				CLANG_WARN_UNGUARDED_AVAILABILITY = YES_AGGRESSIVE;
				CLANG_WARN_UNREACHABLE_CODE = YES;
				CLANG_WARN__DUPLICATE_METHOD_MATCH = YES;
				COPY_PHASE_STRIP = NO;
				DEBUG_INFORMATION_FORMAT = "dwarf-with-dsym";
				ENABLE_NS_ASSERTIONS = NO;
				ENABLE_STRICT_OBJC_MSGSEND = YES;
				ENABLE_USER_SCRIPT_SANDBOXING = YES;
				GCC_C_LANGUAGE_STANDARD = gnu17;
				GCC_NO_COMMON_BLOCKS = YES;
				GCC_WARN_64_TO_32_BIT_CONVERSION = YES;
				GCC_WARN_ABOUT_RETURN_TYPE = YES_ERROR;
				GCC_WARN_UNDECLARED_SELECTOR = YES;
				GCC_WARN_UNINITIALIZED_AUTOS = YES_AGGRESSIVE;
				GCC_WARN_UNUSED_FUNCTION = YES;
				GCC_WARN_UNUSED_VARIABLE = YES;
				IPHONEOS_DEPLOYMENT_TARGET = 17.4;
				LOCALIZATION_PREFERS_STRING_CATALOGS = YES;
				MTL_ENABLE_DEBUG_INFO = NO;
				MTL_FAST_MATH = YES;
				SDKROOT = iphoneos;
				SWIFT_COMPILATION_MODE = wholemodule;
				VALIDATE_PRODUCT = YES;
			};
			name = Release;
		};
		41D90A342BF6727E00C35869 /* Debug */ = {
			isa = XCBuildConfiguration;
			buildSettings = {
				ASSETCATALOG_COMPILER_APPICON_NAME = AppIcon;
				ASSETCATALOG_COMPILER_GLOBAL_ACCENT_COLOR_NAME = AccentColor;
				CODE_SIGN_STYLE = Automatic;
				CURRENT_PROJECT_VERSION = 1;
				DEVELOPMENT_ASSET_PATHS = "\"MyBooks/Preview Content\"";
				DEVELOPMENT_TEAM = MYPTJXP3NK;
				ENABLE_PREVIEWS = YES;
				GENERATE_INFOPLIST_FILE = YES;
				INFOPLIST_KEY_UIApplicationSceneManifest_Generation = YES;
				INFOPLIST_KEY_UIApplicationSupportsIndirectInputEvents = YES;
				INFOPLIST_KEY_UILaunchScreen_Generation = YES;
				INFOPLIST_KEY_UISupportedInterfaceOrientations_iPad = "UIInterfaceOrientationPortrait UIInterfaceOrientationPortraitUpsideDown UIInterfaceOrientationLandscapeLeft UIInterfaceOrientationLandscapeRight";
				INFOPLIST_KEY_UISupportedInterfaceOrientations_iPhone = "UIInterfaceOrientationPortrait UIInterfaceOrientationLandscapeLeft UIInterfaceOrientationLandscapeRight";
				LD_RUNPATH_SEARCH_PATHS = (
					"$(inherited)",
					"@executable_path/Frameworks",
				);
				MARKETING_VERSION = 1.0;
				PRODUCT_BUNDLE_IDENTIFIER = com.asyatea.MyBooks;
				PRODUCT_NAME = "$(TARGET_NAME)";
				SWIFT_EMIT_LOC_STRINGS = YES;
				SWIFT_VERSION = 5.0;
				TARGETED_DEVICE_FAMILY = "1,2";
			};
			name = Debug;
		};
		41D90A352BF6727E00C35869 /* Release */ = {
			isa = XCBuildConfiguration;
			buildSettings = {
				ASSETCATALOG_COMPILER_APPICON_NAME = AppIcon;
				ASSETCATALOG_COMPILER_GLOBAL_ACCENT_COLOR_NAME = AccentColor;
				CODE_SIGN_STYLE = Automatic;
				CURRENT_PROJECT_VERSION = 1;
				DEVELOPMENT_ASSET_PATHS = "\"MyBooks/Preview Content\"";
				DEVELOPMENT_TEAM = MYPTJXP3NK;
				ENABLE_PREVIEWS = YES;
				GENERATE_INFOPLIST_FILE = YES;
				INFOPLIST_KEY_UIApplicationSceneManifest_Generation = YES;
				INFOPLIST_KEY_UIApplicationSupportsIndirectInputEvents = YES;
				INFOPLIST_KEY_UILaunchScreen_Generation = YES;
				INFOPLIST_KEY_UISupportedInterfaceOrientations_iPad = "UIInterfaceOrientationPortrait UIInterfaceOrientationPortraitUpsideDown UIInterfaceOrientationLandscapeLeft UIInterfaceOrientationLandscapeRight";
				INFOPLIST_KEY_UISupportedInterfaceOrientations_iPhone = "UIInterfaceOrientationPortrait UIInterfaceOrientationLandscapeLeft UIInterfaceOrientationLandscapeRight";
				LD_RUNPATH_SEARCH_PATHS = (
					"$(inherited)",
					"@executable_path/Frameworks",
				);
				MARKETING_VERSION = 1.0;
				PRODUCT_BUNDLE_IDENTIFIER = com.asyatea.MyBooks;
				PRODUCT_NAME = "$(TARGET_NAME)";
				SWIFT_EMIT_LOC_STRINGS = YES;
				SWIFT_VERSION = 5.0;
				TARGETED_DEVICE_FAMILY = "1,2";
			};
			name = Release;
		};
/* End XCBuildConfiguration section */

/* Begin XCConfigurationList section */
		41D90A1B2BF6727D00C35869 /* Build configuration list for PBXProject "MyBooks" */ = {
			isa = XCConfigurationList;
			buildConfigurations = (
				41D90A312BF6727E00C35869 /* Debug */,
				41D90A322BF6727E00C35869 /* Release */,
			);
			defaultConfigurationIsVisible = 0;
			defaultConfigurationName = Release;
		};
		41D90A332BF6727E00C35869 /* Build configuration list for PBXNativeTarget "MyBooks" */ = {
			isa = XCConfigurationList;
			buildConfigurations = (
				41D90A342BF6727E00C35869 /* Debug */,
				41D90A352BF6727E00C35869 /* Release */,
			);
			defaultConfigurationIsVisible = 0;
			defaultConfigurationName = Release;
		};
/* End XCConfigurationList section */

/* Begin XCVersionGroup section */
		41D90A2E2BF6727E00C35869 /* MyBooks.xcdatamodeld */ = {
			isa = XCVersionGroup;
			children = (
				41D90A2F2BF6727E00C35869 /* MyBooks.xcdatamodel */,
			);
			currentVersion = 41D90A2F2BF6727E00C35869 /* MyBooks.xcdatamodel */;
			path = MyBooks.xcdatamodeld;
			sourceTree = "<group>";
			versionGroupType = wrapper.xcdatamodel;
		};
/* End XCVersionGroup section */
	};
	rootObject = 41D90A182BF6727D00C35869 /* Project object */;
}
